
Microsoft Visual Studio Solution File, Format Version 12.00
# Visual Studio Version 17
VisualStudioVersion = 17.8.34004.107
MinimumVisualStudioVersion = 10.0.40219.1
Project("{9A19103F-16F7-4668-BE54-9A1E7A4F7556}") = "musicDL", "musicDL\musicDL.csproj", "{31CD21F9-BA07-4DCD-9E68-AF8F5C093C2E}"
EndProject
Project("{9A19103F-16F7-4668-BE54-9A1E7A4F7556}") = "musicDL.Extension", "musicDL.Extension\musicDL.Extension.csproj", "{D6FBF3B8-CFE5-42FD-B121-AD7D0308E7E5}"
EndProject
Project("{9A19103F-16F7-4668-BE54-9A1E7A4F7556}") = "AlbumArt", "AlbumArt\AlbumArt.csproj", "{790324EC-C8D8-47BC-9FB5-C1C91B299402}"
EndProject
Project("{9A19103F-16F7-4668-BE54-9A1E7A4F7556}") = "musicDL.Updater", "musicDL.Updater\musicDL.Updater.csproj", "{CC2A1102-CF2D-47D2-86CF-F14400D707D3}"
EndProject
Project("{9A19103F-16F7-4668-BE54-9A1E7A4F7556}") = "Sharing", "Sharing\Sharing.csproj", "{7CEB6317-877D-4EB8-BD41-BB861273B075}"
EndProject
Global
	GlobalSection(SolutionConfigurationPlatforms) = preSolution
		Debug|Any CPU = Debug|Any CPU
		Debug|ARM = Debug|ARM
		Debug|ARM64 = Debug|ARM64
		Debug|x64 = Debug|x64
		Debug|x86 = Debug|x86
		Release|Any CPU = Release|Any CPU
		Release|ARM = Release|ARM
		Release|ARM64 = Release|ARM64
		Release|x64 = Release|x64
		Release|x86 = Release|x86
	EndGlobalSection
	GlobalSection(ProjectConfigurationPlatforms) = postSolution
		{31CD21F9-BA07-4DCD-9E68-AF8F5C093C2E}.Debug|Any CPU.ActiveCfg = Debug|Any CPU
		{31CD21F9-BA07-4DCD-9E68-AF8F5C093C2E}.Debug|Any CPU.Build.0 = Debug|Any CPU
		{31CD21F9-BA07-4DCD-9E68-AF8F5C093C2E}.Debug|ARM.ActiveCfg = Debug|Any CPU
		{31CD21F9-BA07-4DCD-9E68-AF8F5C093C2E}.Debug|ARM.Build.0 = Debug|Any CPU
		{31CD21F9-BA07-4DCD-9E68-AF8F5C093C2E}.Debug|ARM64.ActiveCfg = Debug|Any CPU
		{31CD21F9-BA07-4DCD-9E68-AF8F5C093C2E}.Debug|ARM64.Build.0 = Debug|Any CPU
		{31CD21F9-BA07-4DCD-9E68-AF8F5C093C2E}.Debug|x64.ActiveCfg = Debug|Any CPU
		{31CD21F9-BA07-4DCD-9E68-AF8F5C093C2E}.Debug|x64.Build.0 = Debug|Any CPU
		{31CD21F9-BA07-4DCD-9E68-AF8F5C093C2E}.Debug|x86.ActiveCfg = Debug|Any CPU
		{31CD21F9-BA07-4DCD-9E68-AF8F5C093C2E}.Debug|x86.Build.0 = Debug|Any CPU
		{31CD21F9-BA07-4DCD-9E68-AF8F5C093C2E}.Release|Any CPU.ActiveCfg = Release|Any CPU
		{31CD21F9-BA07-4DCD-9E68-AF8F5C093C2E}.Release|Any CPU.Build.0 = Release|Any CPU
		{31CD21F9-BA07-4DCD-9E68-AF8F5C093C2E}.Release|ARM.ActiveCfg = Release|Any CPU
		{31CD21F9-BA07-4DCD-9E68-AF8F5C093C2E}.Release|ARM.Build.0 = Release|Any CPU
		{31CD21F9-BA07-4DCD-9E68-AF8F5C093C2E}.Release|ARM64.ActiveCfg = Release|Any CPU
		{31CD21F9-BA07-4DCD-9E68-AF8F5C093C2E}.Release|ARM64.Build.0 = Release|Any CPU
		{31CD21F9-BA07-4DCD-9E68-AF8F5C093C2E}.Release|x64.ActiveCfg = Release|Any CPU
		{31CD21F9-BA07-4DCD-9E68-AF8F5C093C2E}.Release|x64.Build.0 = Release|Any CPU
		{31CD21F9-BA07-4DCD-9E68-AF8F5C093C2E}.Release|x86.ActiveCfg = Release|Any CPU
		{31CD21F9-BA07-4DCD-9E68-AF8F5C093C2E}.Release|x86.Build.0 = Release|Any CPU
		{D6FBF3B8-CFE5-42FD-B121-AD7D0308E7E5}.Debug|Any CPU.ActiveCfg = Debug|Any CPU
		{D6FBF3B8-CFE5-42FD-B121-AD7D0308E7E5}.Debug|Any CPU.Build.0 = Debug|Any CPU
		{D6FBF3B8-CFE5-42FD-B121-AD7D0308E7E5}.Debug|ARM.ActiveCfg = Debug|Any CPU
		{D6FBF3B8-CFE5-42FD-B121-AD7D0308E7E5}.Debug|ARM.Build.0 = Debug|Any CPU
		{D6FBF3B8-CFE5-42FD-B121-AD7D0308E7E5}.Debug|ARM64.ActiveCfg = Debug|Any CPU
		{D6FBF3B8-CFE5-42FD-B121-AD7D0308E7E5}.Debug|ARM64.Build.0 = Debug|Any CPU
		{D6FBF3B8-CFE5-42FD-B121-AD7D0308E7E5}.Debug|x64.ActiveCfg = Debug|Any CPU
		{D6FBF3B8-CFE5-42FD-B121-AD7D0308E7E5}.Debug|x64.Build.0 = Debug|Any CPU
		{D6FBF3B8-CFE5-42FD-B121-AD7D0308E7E5}.Debug|x86.ActiveCfg = Debug|Any CPU
		{D6FBF3B8-CFE5-42FD-B121-AD7D0308E7E5}.Debug|x86.Build.0 = Debug|Any CPU
		{D6FBF3B8-CFE5-42FD-B121-AD7D0308E7E5}.Release|Any CPU.ActiveCfg = Release|Any CPU
		{D6FBF3B8-CFE5-42FD-B121-AD7D0308E7E5}.Release|Any CPU.Build.0 = Release|Any CPU
		{D6FBF3B8-CFE5-42FD-B121-AD7D0308E7E5}.Release|ARM.ActiveCfg = Release|Any CPU
		{D6FBF3B8-CFE5-42FD-B121-AD7D0308E7E5}.Release|ARM.Build.0 = Release|Any CPU
		{D6FBF3B8-CFE5-42FD-B121-AD7D0308E7E5}.Release|ARM64.ActiveCfg = Release|Any CPU
		{D6FBF3B8-CFE5-42FD-B121-AD7D0308E7E5}.Release|ARM64.Build.0 = Release|Any CPU
		{D6FBF3B8-CFE5-42FD-B121-AD7D0308E7E5}.Release|x64.ActiveCfg = Release|Any CPU
		{D6FBF3B8-CFE5-42FD-B121-AD7D0308E7E5}.Release|x64.Build.0 = Release|Any CPU
		{D6FBF3B8-CFE5-42FD-B121-AD7D0308E7E5}.Release|x86.ActiveCfg = Release|Any CPU
		{D6FBF3B8-CFE5-42FD-B121-AD7D0308E7E5}.Release|x86.Build.0 = Release|Any CPU
		{790324EC-C8D8-47BC-9FB5-C1C91B299402}.Debug|Any CPU.ActiveCfg = Debug|Any CPU
		{790324EC-C8D8-47BC-9FB5-C1C91B299402}.Debug|Any CPU.Build.0 = Debug|Any CPU
		{790324EC-C8D8-47BC-9FB5-C1C91B299402}.Debug|ARM.ActiveCfg = Debug|Any CPU
		{790324EC-C8D8-47BC-9FB5-C1C91B299402}.Debug|ARM.Build.0 = Debug|Any CPU
		{790324EC-C8D8-47BC-9FB5-C1C91B299402}.Debug|ARM64.ActiveCfg = Debug|Any CPU
		{790324EC-C8D8-47BC-9FB5-C1C91B299402}.Debug|ARM64.Build.0 = Debug|Any CPU
		{790324EC-C8D8-47BC-9FB5-C1C91B299402}.Debug|x64.ActiveCfg = Debug|Any CPU
		{790324EC-C8D8-47BC-9FB5-C1C91B299402}.Debug|x64.Build.0 = Debug|Any CPU
		{790324EC-C8D8-47BC-9FB5-C1C91B299402}.Debug|x86.ActiveCfg = Debug|Any CPU
		{790324EC-C8D8-47BC-9FB5-C1C91B299402}.Debug|x86.Build.0 = Debug|Any CPU
		{790324EC-C8D8-47BC-9FB5-C1C91B299402}.Release|Any CPU.ActiveCfg = Release|Any CPU
		{790324EC-C8D8-47BC-9FB5-C1C91B299402}.Release|Any CPU.Build.0 = Release|Any CPU
		{790324EC-C8D8-47BC-9FB5-C1C91B299402}.Release|ARM.ActiveCfg = Release|Any CPU
		{790324EC-C8D8-47BC-9FB5-C1C91B299402}.Release|ARM.Build.0 = Release|Any CPU
		{790324EC-C8D8-47BC-9FB5-C1C91B299402}.Release|ARM64.ActiveCfg = Release|Any CPU
		{790324EC-C8D8-47BC-9FB5-C1C91B299402}.Release|ARM64.Build.0 = Release|Any CPU
		{790324EC-C8D8-47BC-9FB5-C1C91B299402}.Release|x64.ActiveCfg = Release|Any CPU
		{790324EC-C8D8-47BC-9FB5-C1C91B299402}.Release|x64.Build.0 = Release|Any CPU
		{790324EC-C8D8-47BC-9FB5-C1C91B299402}.Release|x86.ActiveCfg = Release|Any CPU
		{790324EC-C8D8-47BC-9FB5-C1C91B299402}.Release|x86.Build.0 = Release|Any CPU
		{CC2A1102-CF2D-47D2-86CF-F14400D707D3}.Debug|Any CPU.ActiveCfg = Debug|Any CPU
		{CC2A1102-CF2D-47D2-86CF-F14400D707D3}.Debug|Any CPU.Build.0 = Debug|Any CPU
		{CC2A1102-CF2D-47D2-86CF-F14400D707D3}.Debug|ARM.ActiveCfg = Debug|Any CPU
		{CC2A1102-CF2D-47D2-86CF-F14400D707D3}.Debug|ARM.Build.0 = Debug|Any CPU
		{CC2A1102-CF2D-47D2-86CF-F14400D707D3}.Debug|ARM64.ActiveCfg = Debug|Any CPU
		{CC2A1102-CF2D-47D2-86CF-F14400D707D3}.Debug|ARM64.Build.0 = Debug|Any CPU
		{CC2A1102-CF2D-47D2-86CF-F14400D707D3}.Debug|x64.ActiveCfg = Debug|Any CPU
		{CC2A1102-CF2D-47D2-86CF-F14400D707D3}.Debug|x64.Build.0 = Debug|Any CPU
		{CC2A1102-CF2D-47D2-86CF-F14400D707D3}.Debug|x86.ActiveCfg = Debug|Any CPU
		{CC2A1102-CF2D-47D2-86CF-F14400D707D3}.Debug|x86.Build.0 = Debug|Any CPU
		{CC2A1102-CF2D-47D2-86CF-F14400D707D3}.Release|Any CPU.ActiveCfg = Release|Any CPU
		{CC2A1102-CF2D-47D2-86CF-F14400D707D3}.Release|Any CPU.Build.0 = Release|Any CPU
		{CC2A1102-CF2D-47D2-86CF-F14400D707D3}.Release|ARM.ActiveCfg = Release|Any CPU
		{CC2A1102-CF2D-47D2-86CF-F14400D707D3}.Release|ARM.Build.0 = Release|Any CPU
		{CC2A1102-CF2D-47D2-86CF-F14400D707D3}.Release|ARM64.ActiveCfg = Release|Any CPU
		{CC2A1102-CF2D-47D2-86CF-F14400D707D3}.Release|ARM64.Build.0 = Release|Any CPU
		{CC2A1102-CF2D-47D2-86CF-F14400D707D3}.Release|x64.ActiveCfg = Release|Any CPU
		{CC2A1102-CF2D-47D2-86CF-F14400D707D3}.Release|x64.Build.0 = Release|Any CPU
		{CC2A1102-CF2D-47D2-86CF-F14400D707D3}.Release|x86.ActiveCfg = Release|Any CPU
		{CC2A1102-CF2D-47D2-86CF-F14400D707D3}.Release|x86.Build.0 = Release|Any CPU
		{7CEB6317-877D-4EB8-BD41-BB861273B075}.Debug|Any CPU.ActiveCfg = Debug|Any CPU
		{7CEB6317-877D-4EB8-BD41-BB861273B075}.Debug|Any CPU.Build.0 = Debug|Any CPU
		{7CEB6317-877D-4EB8-BD41-BB861273B075}.Debug|ARM.ActiveCfg = Debug|Any CPU
		{7CEB6317-877D-4EB8-BD41-BB861273B075}.Debug|ARM.Build.0 = Debug|Any CPU
		{7CEB6317-877D-4EB8-BD41-BB861273B075}.Debug|ARM64.ActiveCfg = Debug|Any CPU
		{7CEB6317-877D-4EB8-BD41-BB861273B075}.Debug|ARM64.Build.0 = Debug|Any CPU
		{7CEB6317-877D-4EB8-BD41-BB861273B075}.Debug|x64.ActiveCfg = Debug|Any CPU
		{7CEB6317-877D-4EB8-BD41-BB861273B075}.Debug|x64.Build.0 = Debug|Any CPU
		{7CEB6317-877D-4EB8-BD41-BB861273B075}.Debug|x86.ActiveCfg = Debug|Any CPU
		{7CEB6317-877D-4EB8-BD41-BB861273B075}.Debug|x86.Build.0 = Debug|Any CPU
		{7CEB6317-877D-4EB8-BD41-BB861273B075}.Release|Any CPU.ActiveCfg = Release|Any CPU
		{7CEB6317-877D-4EB8-BD41-BB861273B075}.Release|Any CPU.Build.0 = Release|Any CPU
		{7CEB6317-877D-4EB8-BD41-BB861273B075}.Release|ARM.ActiveCfg = Release|Any CPU
		{7CEB6317-877D-4EB8-BD41-BB861273B075}.Release|ARM.Build.0 = Release|Any CPU
		{7CEB6317-877D-4EB8-BD41-BB861273B075}.Release|ARM64.ActiveCfg = Release|Any CPU
		{7CEB6317-877D-4EB8-BD41-BB861273B075}.Release|ARM64.Build.0 = Release|Any CPU
		{7CEB6317-877D-4EB8-BD41-BB861273B075}.Release|x64.ActiveCfg = Release|Any CPU
		{7CEB6317-877D-4EB8-BD41-BB861273B075}.Release|x64.Build.0 = Release|Any CPU
		{7CEB6317-877D-4EB8-BD41-BB861273B075}.Release|x86.ActiveCfg = Release|Any CPU
		{7CEB6317-877D-4EB8-BD41-BB861273B075}.Release|x86.Build.0 = Release|Any CPU
	EndGlobalSection
	GlobalSection(SolutionProperties) = preSolution
		HideSolutionNode = FALSE
	EndGlobalSection
	GlobalSection(ExtensibilityGlobals) = postSolution
		SolutionGuid = {6880DE8C-4339-4F3A-B20A-E0BBF5F78C8F}
	EndGlobalSection
EndGlobal
